// !$*UTF8*$!
{
	archiveVersion = 1;
	classes = {
	};
	objectVersion = 56;
	objects = {

/* Begin PBXBuildFile section */
		DF5522092B24BD310052C668 /* WarsawTransportApp.swift in Sources */ = {isa = PBXBuildFile; fileRef = DF5522082B24BD310052C668 /* WarsawTransportApp.swift */; };
		DF55220B2B24BD310052C668 /* ContentView.swift in Sources */ = {isa = PBXBuildFile; fileRef = DF55220A2B24BD310052C668 /* ContentView.swift */; };
		DF55220D2B24BD330052C668 /* Assets.xcassets in Resources */ = {isa = PBXBuildFile; fileRef = DF55220C2B24BD330052C668 /* Assets.xcassets */; };
		DF5522102B24BD330052C668 /* Preview Assets.xcassets in Resources */ = {isa = PBXBuildFile; fileRef = DF55220F2B24BD330052C668 /* Preview Assets.xcassets */; };
		DF55221A2B24BD330052C668 /* WarsawTransportTests.swift in Sources */ = {isa = PBXBuildFile; fileRef = DF5522192B24BD330052C668 /* WarsawTransportTests.swift */; };
		DF5522242B24BD330052C668 /* WarsawTransportUITests.swift in Sources */ = {isa = PBXBuildFile; fileRef = DF5522232B24BD330052C668 /* WarsawTransportUITests.swift */; };
		DF5522262B24BD330052C668 /* WarsawTransportUITestsLaunchTests.swift in Sources */ = {isa = PBXBuildFile; fileRef = DF5522252B24BD330052C668 /* WarsawTransportUITestsLaunchTests.swift */; };
/* End PBXBuildFile section */

/* Begin PBXContainerItemProxy section */
		DF5522162B24BD330052C668 /* PBXContainerItemProxy */ = {
			isa = PBXContainerItemProxy;
			containerPortal = DF5521FD2B24BD310052C668 /* Project object */;
			proxyType = 1;
			remoteGlobalIDString = DF5522042B24BD310052C668;
			remoteInfo = WarsawTransport;
		};
		DF5522202B24BD330052C668 /* PBXContainerItemProxy */ = {
			isa = PBXContainerItemProxy;
			containerPortal = DF5521FD2B24BD310052C668 /* Project object */;
			proxyType = 1;
			remoteGlobalIDString = DF5522042B24BD310052C668;
			remoteInfo = WarsawTransport;
		};
/* End PBXContainerItemProxy section */

/* Begin PBXFileReference section */
		DF5522052B24BD310052C668 /* WarsawTransport.app */ = {isa = PBXFileReference; explicitFileType = wrapper.application; includeInIndex = 0; path = WarsawTransport.app; sourceTree = BUILT_PRODUCTS_DIR; };
		DF5522082B24BD310052C668 /* WarsawTransportApp.swift */ = {isa = PBXFileReference; lastKnownFileType = sourcecode.swift; path = WarsawTransportApp.swift; sourceTree = "<group>"; };
		DF55220A2B24BD310052C668 /* ContentView.swift */ = {isa = PBXFileReference; lastKnownFileType = sourcecode.swift; path = ContentView.swift; sourceTree = "<group>"; };
		DF55220C2B24BD330052C668 /* Assets.xcassets */ = {isa = PBXFileReference; lastKnownFileType = folder.assetcatalog; path = Assets.xcassets; sourceTree = "<group>"; };
		DF55220F2B24BD330052C668 /* Preview Assets.xcassets */ = {isa = PBXFileReference; lastKnownFileType = folder.assetcatalog; path = "Preview Assets.xcassets"; sourceTree = "<group>"; };
		DF5522152B24BD330052C668 /* WarsawTransportTests.xctest */ = {isa = PBXFileReference; explicitFileType = wrapper.cfbundle; includeInIndex = 0; path = WarsawTransportTests.xctest; sourceTree = BUILT_PRODUCTS_DIR; };
		DF5522192B24BD330052C668 /* WarsawTransportTests.swift */ = {isa = PBXFileReference; lastKnownFileType = sourcecode.swift; path = WarsawTransportTests.swift; sourceTree = "<group>"; };
		DF55221F2B24BD330052C668 /* WarsawTransportUITests.xctest */ = {isa = PBXFileReference; explicitFileType = wrapper.cfbundle; includeInIndex = 0; path = WarsawTransportUITests.xctest; sourceTree = BUILT_PRODUCTS_DIR; };
		DF5522232B24BD330052C668 /* WarsawTransportUITests.swift */ = {isa = PBXFileReference; lastKnownFileType = sourcecode.swift; path = WarsawTransportUITests.swift; sourceTree = "<group>"; };
		DF5522252B24BD330052C668 /* WarsawTransportUITestsLaunchTests.swift */ = {isa = PBXFileReference; lastKnownFileType = sourcecode.swift; path = WarsawTransportUITestsLaunchTests.swift; sourceTree = "<group>"; };
/* End PBXFileReference section */

/* Begin PBXFrameworksBuildPhase section */
		DF5522022B24BD310052C668 /* Frameworks */ = {
			isa = PBXFrameworksBuildPhase;
			buildActionMask = 2147483647;
			files = (
			);
			runOnlyForDeploymentPostprocessing = 0;
		};
		DF5522122B24BD330052C668 /* Frameworks */ = {
			isa = PBXFrameworksBuildPhase;
			buildActionMask = 2147483647;
			files = (
			);
			runOnlyForDeploymentPostprocessing = 0;
		};
		DF55221C2B24BD330052C668 /* Frameworks */ = {
			isa = PBXFrameworksBuildPhase;
			buildActionMask = 2147483647;
			files = (
			);
			runOnlyForDeploymentPostprocessing = 0;
		};
/* End PBXFrameworksBuildPhase section */

/* Begin PBXGroup section */
		DF5521FC2B24BD310052C668 = {
			isa = PBXGroup;
			children = (
				DF5522072B24BD310052C668 /* WarsawTransport */,
				DF5522182B24BD330052C668 /* WarsawTransportTests */,
				DF5522222B24BD330052C668 /* WarsawTransportUITests */,
				DF5522062B24BD310052C668 /* Products */,
			);
			sourceTree = "<group>";
		};
		DF5522062B24BD310052C668 /* Products */ = {
			isa = PBXGroup;
			children = (
				DF5522052B24BD310052C668 /* WarsawTransport.app */,
				DF5522152B24BD330052C668 /* WarsawTransportTests.xctest */,
				DF55221F2B24BD330052C668 /* WarsawTransportUITests.xctest */,
			);
			name = Products;
			sourceTree = "<group>";
		};
		DF5522072B24BD310052C668 /* WarsawTransport */ = {
			isa = PBXGroup;
			children = (
				DF5522082B24BD310052C668 /* WarsawTransportApp.swift */,
				DF55220A2B24BD310052C668 /* ContentView.swift */,
				DF55220C2B24BD330052C668 /* Assets.xcassets */,
				DF55220E2B24BD330052C668 /* Preview Content */,
			);
			path = WarsawTransport;
			sourceTree = "<group>";
		};
		DF55220E2B24BD330052C668 /* Preview Content */ = {
			isa = PBXGroup;
			children = (
				DF55220F2B24BD330052C668 /* Preview Assets.xcassets */,
			);
			path = "Preview Content";
			sourceTree = "<group>";
		};
		DF5522182B24BD330052C668 /* WarsawTransportTests */ = {
			isa = PBXGroup;
			children = (
				DF5522192B24BD330052C668 /* WarsawTransportTests.swift */,
			);
			path = WarsawTransportTests;
			sourceTree = "<group>";
		};
		DF5522222B24BD330052C668 /* WarsawTransportUITests */ = {
			isa = PBXGroup;
			children = (
				DF5522232B24BD330052C668 /* WarsawTransportUITests.swift */,
				DF5522252B24BD330052C668 /* WarsawTransportUITestsLaunchTests.swift */,
			);
			path = WarsawTransportUITests;
			sourceTree = "<group>";
		};
/* End PBXGroup section */

/* Begin PBXNativeTarget section */
		DF5522042B24BD310052C668 /* WarsawTransport */ = {
			isa = PBXNativeTarget;
			buildConfigurationList = DF5522292B24BD330052C668 /* Build configuration list for PBXNativeTarget "WarsawTransport" */;
			buildPhases = (
				DF5522012B24BD310052C668 /* Sources */,
				DF5522022B24BD310052C668 /* Frameworks */,
				DF5522032B24BD310052C668 /* Resources */,
			);
			buildRules = (
			);
			dependencies = (
			);
			name = WarsawTransport;
			productName = WarsawTransport;
			productReference = DF5522052B24BD310052C668 /* WarsawTransport.app */;
			productType = "com.apple.product-type.application";
		};
		DF5522142B24BD330052C668 /* WarsawTransportTests */ = {
			isa = PBXNativeTarget;
			buildConfigurationList = DF55222C2B24BD330052C668 /* Build configuration list for PBXNativeTarget "WarsawTransportTests" */;
			buildPhases = (
				DF5522112B24BD330052C668 /* Sources */,
				DF5522122B24BD330052C668 /* Frameworks */,
				DF5522132B24BD330052C668 /* Resources */,
			);
			buildRules = (
			);
			dependencies = (
				DF5522172B24BD330052C668 /* PBXTargetDependency */,
			);
			name = WarsawTransportTests;
			productName = WarsawTransportTests;
			productReference = DF5522152B24BD330052C668 /* WarsawTransportTests.xctest */;
			productType = "com.apple.product-type.bundle.unit-test";
		};
		DF55221E2B24BD330052C668 /* WarsawTransportUITests */ = {
			isa = PBXNativeTarget;
			buildConfigurationList = DF55222F2B24BD330052C668 /* Build configuration list for PBXNativeTarget "WarsawTransportUITests" */;
			buildPhases = (
				DF55221B2B24BD330052C668 /* Sources */,
				DF55221C2B24BD330052C668 /* Frameworks */,
				DF55221D2B24BD330052C668 /* Resources */,
			);
			buildRules = (
			);
			dependencies = (
				DF5522212B24BD330052C668 /* PBXTargetDependency */,
			);
			name = WarsawTransportUITests;
			productName = WarsawTransportUITests;
			productReference = DF55221F2B24BD330052C668 /* WarsawTransportUITests.xctest */;
			productType = "com.apple.product-type.bundle.ui-testing";
		};
/* End PBXNativeTarget section */

/* Begin PBXProject section */
		DF5521FD2B24BD310052C668 /* Project object */ = {
			isa = PBXProject;
			attributes = {
				BuildIndependentTargetsInParallel = 1;
				LastSwiftUpdateCheck = 1510;
				LastUpgradeCheck = 1510;
				TargetAttributes = {
					DF5522042B24BD310052C668 = {
						CreatedOnToolsVersion = 15.1;
					};
					DF5522142B24BD330052C668 = {
						CreatedOnToolsVersion = 15.1;
						TestTargetID = DF5522042B24BD310052C668;
					};
					DF55221E2B24BD330052C668 = {
						CreatedOnToolsVersion = 15.1;
						TestTargetID = DF5522042B24BD310052C668;
					};
				};
			};
			buildConfigurationList = DF5522002B24BD310052C668 /* Build configuration list for PBXProject "WarsawTransport" */;
			compatibilityVersion = "Xcode 14.0";
			developmentRegion = en;
			hasScannedForEncodings = 0;
			knownRegions = (
				en,
				Base,
			);
			mainGroup = DF5521FC2B24BD310052C668;
			productRefGroup = DF5522062B24BD310052C668 /* Products */;
			projectDirPath = "";
			projectRoot = "";
			targets = (
				DF5522042B24BD310052C668 /* WarsawTransport */,
				DF5522142B24BD330052C668 /* WarsawTransportTests */,
				DF55221E2B24BD330052C668 /* WarsawTransportUITests */,
			);
		};
/* End PBXProject section */

/* Begin PBXResourcesBuildPhase section */
		DF5522032B24BD310052C668 /* Resources */ = {
			isa = PBXResourcesBuildPhase;
			buildActionMask = 2147483647;
			files = (
				DF5522102B24BD330052C668 /* Preview Assets.xcassets in Resources */,
				DF55220D2B24BD330052C668 /* Assets.xcassets in Resources */,
			);
			runOnlyForDeploymentPostprocessing = 0;
		};
		DF5522132B24BD330052C668 /* Resources */ = {
			isa = PBXResourcesBuildPhase;
			buildActionMask = 2147483647;
			files = (
			);
			runOnlyForDeploymentPostprocessing = 0;
		};
		DF55221D2B24BD330052C668 /* Resources */ = {
			isa = PBXResourcesBuildPhase;
			buildActionMask = 2147483647;
			files = (
			);
			runOnlyForDeploymentPostprocessing = 0;
		};
/* End PBXResourcesBuildPhase section */

/* Begin PBXSourcesBuildPhase section */
		DF5522012B24BD310052C668 /* Sources */ = {
			isa = PBXSourcesBuildPhase;
			buildActionMask = 2147483647;
			files = (
				DF55220B2B24BD310052C668 /* ContentView.swift in Sources */,
				DF5522092B24BD310052C668 /* WarsawTransportApp.swift in Sources */,
			);
			runOnlyForDeploymentPostprocessing = 0;
		};
		DF5522112B24BD330052C668 /* Sources */ = {
			isa = PBXSourcesBuildPhase;
			buildActionMask = 2147483647;
			files = (
				DF55221A2B24BD330052C668 /* WarsawTransportTests.swift in Sources */,
			);
			runOnlyForDeploymentPostprocessing = 0;
		};
		DF55221B2B24BD330052C668 /* Sources */ = {
			isa = PBXSourcesBuildPhase;
			buildActionMask = 2147483647;
			files = (
				DF5522242B24BD330052C668 /* WarsawTransportUITests.swift in Sources */,
				DF5522262B24BD330052C668 /* WarsawTransportUITestsLaunchTests.swift in Sources */,
			);
			runOnlyForDeploymentPostprocessing = 0;
		};
/* End PBXSourcesBuildPhase section */

/* Begin PBXTargetDependency section */
		DF5522172B24BD330052C668 /* PBXTargetDependency */ = {
			isa = PBXTargetDependency;
			target = DF5522042B24BD310052C668 /* WarsawTransport */;
			targetProxy = DF5522162B24BD330052C668 /* PBXContainerItemProxy */;
		};
		DF5522212B24BD330052C668 /* PBXTargetDependency */ = {
			isa = PBXTargetDependency;
			target = DF5522042B24BD310052C668 /* WarsawTransport */;
			targetProxy = DF5522202B24BD330052C668 /* PBXContainerItemProxy */;
		};
/* End PBXTargetDependency section */

/* Begin XCBuildConfiguration section */
		DF5522272B24BD330052C668 /* Debug */ = {
			isa = XCBuildConfiguration;
			buildSettings = {
				ALWAYS_SEARCH_USER_PATHS = NO;
				ASSETCATALOG_COMPILER_GENERATE_SWIFT_ASSET_SYMBOL_EXTENSIONS = YES;
				CLANG_ANALYZER_NONNULL = YES;
				CLANG_ANALYZER_NUMBER_OBJECT_CONVERSION = YES_AGGRESSIVE;
				CLANG_CXX_LANGUAGE_STANDARD = "gnu++20";
				CLANG_ENABLE_MODULES = YES;
				CLANG_ENABLE_OBJC_ARC = YES;
				CLANG_ENABLE_OBJC_WEAK = YES;
				CLANG_WARN_BLOCK_CAPTURE_AUTORELEASING = YES;
				CLANG_WARN_BOOL_CONVERSION = YES;
				CLANG_WARN_COMMA = YES;
				CLANG_WARN_CONSTANT_CONVERSION = YES;
				CLANG_WARN_DEPRECATED_OBJC_IMPLEMENTATIONS = YES;
				CLANG_WARN_DIRECT_OBJC_ISA_USAGE = YES_ERROR;
				CLANG_WARN_DOCUMENTATION_COMMENTS = YES;
				CLANG_WARN_EMPTY_BODY = YES;
				CLANG_WARN_ENUM_CONVERSION = YES;
				CLANG_WARN_INFINITE_RECURSION = YES;
				CLANG_WARN_INT_CONVERSION = YES;
				CLANG_WARN_NON_LITERAL_NULL_CONVERSION = YES;
				CLANG_WARN_OBJC_IMPLICIT_RETAIN_SELF = YES;
				CLANG_WARN_OBJC_LITERAL_CONVERSION = YES;
				CLANG_WARN_OBJC_ROOT_CLASS = YES_ERROR;
				CLANG_WARN_QUOTED_INCLUDE_IN_FRAMEWORK_HEADER = YES;
				CLANG_WARN_RANGE_LOOP_ANALYSIS = YES;
				CLANG_WARN_STRICT_PROTOTYPES = YES;
				CLANG_WARN_SUSPICIOUS_MOVE = YES;
				CLANG_WARN_UNGUARDED_AVAILABILITY = YES_AGGRESSIVE;
				CLANG_WARN_UNREACHABLE_CODE = YES;
				CLANG_WARN__DUPLICATE_METHOD_MATCH = YES;
				COPY_PHASE_STRIP = NO;
				DEBUG_INFORMATION_FORMAT = dwarf;
				ENABLE_STRICT_OBJC_MSGSEND = YES;
				ENABLE_TESTABILITY = YES;
				ENABLE_USER_SCRIPT_SANDBOXING = YES;
				GCC_C_LANGUAGE_STANDARD = gnu17;
				GCC_DYNAMIC_NO_PIC = NO;
				GCC_NO_COMMON_BLOCKS = YES;
				GCC_OPTIMIZATION_LEVEL = 0;
				GCC_PREPROCESSOR_DEFINITIONS = (
					"DEBUG=1",
					"$(inherited)",
				);
				GCC_WARN_64_TO_32_BIT_CONVERSION = YES;
				GCC_WARN_ABOUT_RETURN_TYPE = YES_ERROR;
				GCC_WARN_UNDECLARED_SELECTOR = YES;
				GCC_WARN_UNINITIALIZED_AUTOS = YES_AGGRESSIVE;
				GCC_WARN_UNUSED_FUNCTION = YES;
				GCC_WARN_UNUSED_VARIABLE = YES;
				IPHONEOS_DEPLOYMENT_TARGET = 17.2;
				LOCALIZATION_PREFERS_STRING_CATALOGS = YES;
				MTL_ENABLE_DEBUG_INFO = INCLUDE_SOURCE;
				MTL_FAST_MATH = YES;
				ONLY_ACTIVE_ARCH = YES;
				SDKROOT = iphoneos;
				SWIFT_ACTIVE_COMPILATION_CONDITIONS = "DEBUG $(inherited)";
				SWIFT_OPTIMIZATION_LEVEL = "-Onone";
			};
			name = Debug;
		};
		DF5522282B24BD330052C668 /* Release */ = {
			isa = XCBuildConfiguration;
			buildSettings = {
				ALWAYS_SEARCH_USER_PATHS = NO;
				ASSETCATALOG_COMPILER_GENERATE_SWIFT_ASSET_SYMBOL_EXTENSIONS = YES;
				CLANG_ANALYZER_NONNULL = YES;
				CLANG_ANALYZER_NUMBER_OBJECT_CONVERSION = YES_AGGRESSIVE;
				CLANG_CXX_LANGUAGE_STANDARD = "gnu++20";
				CLANG_ENABLE_MODULES = YES;
				CLANG_ENABLE_OBJC_ARC = YES;
				CLANG_ENABLE_OBJC_WEAK = YES;
				CLANG_WARN_BLOCK_CAPTURE_AUTORELEASING = YES;
				CLANG_WARN_BOOL_CONVERSION = YES;
				CLANG_WARN_COMMA = YES;
				CLANG_WARN_CONSTANT_CONVERSION = YES;
				CLANG_WARN_DEPRECATED_OBJC_IMPLEMENTATIONS = YES;
				CLANG_WARN_DIRECT_OBJC_ISA_USAGE = YES_ERROR;
				CLANG_WARN_DOCUMENTATION_COMMENTS = YES;
				CLANG_WARN_EMPTY_BODY = YES;
				CLANG_WARN_ENUM_CONVERSION = YES;
				CLANG_WARN_INFINITE_RECURSION = YES;
				CLANG_WARN_INT_CONVERSION = YES;
				CLANG_WARN_NON_LITERAL_NULL_CONVERSION = YES;
				CLANG_WARN_OBJC_IMPLICIT_RETAIN_SELF = YES;
				CLANG_WARN_OBJC_LITERAL_CONVERSION = YES;
				CLANG_WARN_OBJC_ROOT_CLASS = YES_ERROR;
				CLANG_WARN_QUOTED_INCLUDE_IN_FRAMEWORK_HEADER = YES;
				CLANG_WARN_RANGE_LOOP_ANALYSIS = YES;
				CLANG_WARN_STRICT_PROTOTYPES = YES;
				CLANG_WARN_SUSPICIOUS_MOVE = YES;
				CLANG_WARN_UNGUARDED_AVAILABILITY = YES_AGGRESSIVE;
				CLANG_WARN_UNREACHABLE_CODE = YES;
				CLANG_WARN__DUPLICATE_METHOD_MATCH = YES;
				COPY_PHASE_STRIP = NO;
				DEBUG_INFORMATION_FORMAT = "dwarf-with-dsym";
				ENABLE_NS_ASSERTIONS = NO;
				ENABLE_STRICT_OBJC_MSGSEND = YES;
				ENABLE_USER_SCRIPT_SANDBOXING = YES;
				GCC_C_LANGUAGE_STANDARD = gnu17;
				GCC_NO_COMMON_BLOCKS = YES;
				GCC_WARN_64_TO_32_BIT_CONVERSION = YES;
				GCC_WARN_ABOUT_RETURN_TYPE = YES_ERROR;
				GCC_WARN_UNDECLARED_SELECTOR = YES;
				GCC_WARN_UNINITIALIZED_AUTOS = YES_AGGRESSIVE;
				GCC_WARN_UNUSED_FUNCTION = YES;
				GCC_WARN_UNUSED_VARIABLE = YES;
				IPHONEOS_DEPLOYMENT_TARGET = 17.2;
				LOCALIZATION_PREFERS_STRING_CATALOGS = YES;
				MTL_ENABLE_DEBUG_INFO = NO;
				MTL_FAST_MATH = YES;
				SDKROOT = iphoneos;
				SWIFT_COMPILATION_MODE = wholemodule;
				VALIDATE_PRODUCT = YES;
			};
			name = Release;
		};
		DF55222A2B24BD330052C668 /* Debug */ = {
			isa = XCBuildConfiguration;
			buildSettings = {
				ASSETCATALOG_COMPILER_APPICON_NAME = AppIcon;
				ASSETCATALOG_COMPILER_GLOBAL_ACCENT_COLOR_NAME = AccentColor;
				CODE_SIGN_STYLE = Automatic;
				CURRENT_PROJECT_VERSION = 1;
				DEVELOPMENT_ASSET_PATHS = "\"WarsawTransport/Preview Content\"";
				DEVELOPMENT_TEAM = S6SJ6LB5FZ;
				ENABLE_PREVIEWS = YES;
				GENERATE_INFOPLIST_FILE = YES;
				INFOPLIST_KEY_UIApplicationSceneManifest_Generation = YES;
				INFOPLIST_KEY_UIApplicationSupportsIndirectInputEvents = YES;
				INFOPLIST_KEY_UILaunchScreen_Generation = YES;
				INFOPLIST_KEY_UISupportedInterfaceOrientations_iPad = "UIInterfaceOrientationPortrait UIInterfaceOrientationPortraitUpsideDown UIInterfaceOrientationLandscapeLeft UIInterfaceOrientationLandscapeRight";
				INFOPLIST_KEY_UISupportedInterfaceOrientations_iPhone = "UIInterfaceOrientationPortrait UIInterfaceOrientationLandscapeLeft UIInterfaceOrientationLandscapeRight";
				LD_RUNPATH_SEARCH_PATHS = (
					"$(inherited)",
					"@executable_path/Frameworks",
				);
				MARKETING_VERSION = 1.0;
				PRODUCT_BUNDLE_IDENTIFIER = eu.azarov.WarsawTransport;
				PRODUCT_NAME = "$(TARGET_NAME)";
				SWIFT_EMIT_LOC_STRINGS = YES;
				SWIFT_VERSION = 5.0;
				TARGETED_DEVICE_FAMILY = "1,2";
			};
			name = Debug;
		};
		DF55222B2B24BD330052C668 /* Release */ = {
			isa = XCBuildConfiguration;
			buildSettings = {
				ASSETCATALOG_COMPILER_APPICON_NAME = AppIcon;
				ASSETCATALOG_COMPILER_GLOBAL_ACCENT_COLOR_NAME = AccentColor;
				CODE_SIGN_STYLE = Automatic;
				CURRENT_PROJECT_VERSION = 1;
				DEVELOPMENT_ASSET_PATHS = "\"WarsawTransport/Preview Content\"";
				DEVELOPMENT_TEAM = S6SJ6LB5FZ;
				ENABLE_PREVIEWS = YES;
				GENERATE_INFOPLIST_FILE = YES;
				INFOPLIST_KEY_UIApplicationSceneManifest_Generation = YES;
				INFOPLIST_KEY_UIApplicationSupportsIndirectInputEvents = YES;
				INFOPLIST_KEY_UILaunchScreen_Generation = YES;
				INFOPLIST_KEY_UISupportedInterfaceOrientations_iPad = "UIInterfaceOrientationPortrait UIInterfaceOrientationPortraitUpsideDown UIInterfaceOrientationLandscapeLeft UIInterfaceOrientationLandscapeRight";
				INFOPLIST_KEY_UISupportedInterfaceOrientations_iPhone = "UIInterfaceOrientationPortrait UIInterfaceOrientationLandscapeLeft UIInterfaceOrientationLandscapeRight";
				LD_RUNPATH_SEARCH_PATHS = (
					"$(inherited)",
					"@executable_path/Frameworks",
				);
				MARKETING_VERSION = 1.0;
				PRODUCT_BUNDLE_IDENTIFIER = eu.azarov.WarsawTransport;
				PRODUCT_NAME = "$(TARGET_NAME)";
				SWIFT_EMIT_LOC_STRINGS = YES;
				SWIFT_VERSION = 5.0;
				TARGETED_DEVICE_FAMILY = "1,2";
			};
			name = Release;
		};
		DF55222D2B24BD330052C668 /* Debug */ = {
			isa = XCBuildConfiguration;
			buildSettings = {
				ALWAYS_EMBED_SWIFT_STANDARD_LIBRARIES = YES;
				BUNDLE_LOADER = "$(TEST_HOST)";
				CODE_SIGN_STYLE = Automatic;
				CURRENT_PROJECT_VERSION = 1;
				DEVELOPMENT_TEAM = S6SJ6LB5FZ;
				GENERATE_INFOPLIST_FILE = YES;
				IPHONEOS_DEPLOYMENT_TARGET = 17.2;
				MARKETING_VERSION = 1.0;
				PRODUCT_BUNDLE_IDENTIFIER = eu.azarov.WarsawTransportTests;
				PRODUCT_NAME = "$(TARGET_NAME)";
				SWIFT_EMIT_LOC_STRINGS = NO;
				SWIFT_VERSION = 5.0;
				TARGETED_DEVICE_FAMILY = "1,2";
				TEST_HOST = "$(BUILT_PRODUCTS_DIR)/WarsawTransport.app/$(BUNDLE_EXECUTABLE_FOLDER_PATH)/WarsawTransport";
			};
			name = Debug;
		};
		DF55222E2B24BD330052C668 /* Release */ = {
			isa = XCBuildConfiguration;
			buildSettings = {
				ALWAYS_EMBED_SWIFT_STANDARD_LIBRARIES = YES;
				BUNDLE_LOADER = "$(TEST_HOST)";
				CODE_SIGN_STYLE = Automatic;
				CURRENT_PROJECT_VERSION = 1;
				DEVELOPMENT_TEAM = S6SJ6LB5FZ;
				GENERATE_INFOPLIST_FILE = YES;
				IPHONEOS_DEPLOYMENT_TARGET = 17.2;
				MARKETING_VERSION = 1.0;
				PRODUCT_BUNDLE_IDENTIFIER = eu.azarov.WarsawTransportTests;
				PRODUCT_NAME = "$(TARGET_NAME)";
				SWIFT_EMIT_LOC_STRINGS = NO;
				SWIFT_VERSION = 5.0;
				TARGETED_DEVICE_FAMILY = "1,2";
				TEST_HOST = "$(BUILT_PRODUCTS_DIR)/WarsawTransport.app/$(BUNDLE_EXECUTABLE_FOLDER_PATH)/WarsawTransport";
			};
			name = Release;
		};
		DF5522302B24BD330052C668 /* Debug */ = {
			isa = XCBuildConfiguration;
			buildSettings = {
				ALWAYS_EMBED_SWIFT_STANDARD_LIBRARIES = YES;
				CODE_SIGN_STYLE = Automatic;
				CURRENT_PROJECT_VERSION = 1;
				DEVELOPMENT_TEAM = S6SJ6LB5FZ;
				GENERATE_INFOPLIST_FILE = YES;
				MARKETING_VERSION = 1.0;
				PRODUCT_BUNDLE_IDENTIFIER = eu.azarov.WarsawTransportUITests;
				PRODUCT_NAME = "$(TARGET_NAME)";
				SWIFT_EMIT_LOC_STRINGS = NO;
				SWIFT_VERSION = 5.0;
				TARGETED_DEVICE_FAMILY = "1,2";
				TEST_TARGET_NAME = WarsawTransport;
			};
			name = Debug;
		};
		DF5522312B24BD330052C668 /* Release */ = {
			isa = XCBuildConfiguration;
			buildSettings = {
				ALWAYS_EMBED_SWIFT_STANDARD_LIBRARIES = YES;
				CODE_SIGN_STYLE = Automatic;
				CURRENT_PROJECT_VERSION = 1;
				DEVELOPMENT_TEAM = S6SJ6LB5FZ;
				GENERATE_INFOPLIST_FILE = YES;
				MARKETING_VERSION = 1.0;
				PRODUCT_BUNDLE_IDENTIFIER = eu.azarov.WarsawTransportUITests;
				PRODUCT_NAME = "$(TARGET_NAME)";
				SWIFT_EMIT_LOC_STRINGS = NO;
				SWIFT_VERSION = 5.0;
				TARGETED_DEVICE_FAMILY = "1,2";
				TEST_TARGET_NAME = WarsawTransport;
			};
			name = Release;
		};
/* End XCBuildConfiguration section */

/* Begin XCConfigurationList section */
		DF5522002B24BD310052C668 /* Build configuration list for PBXProject "WarsawTransport" */ = {
			isa = XCConfigurationList;
			buildConfigurations = (
				DF5522272B24BD330052C668 /* Debug */,
				DF5522282B24BD330052C668 /* Release */,
			);
			defaultConfigurationIsVisible = 0;
			defaultConfigurationName = Release;
		};
		DF5522292B24BD330052C668 /* Build configuration list for PBXNativeTarget "WarsawTransport" */ = {
			isa = XCConfigurationList;
			buildConfigurations = (
				DF55222A2B24BD330052C668 /* Debug */,
				DF55222B2B24BD330052C668 /* Release */,
			);
			defaultConfigurationIsVisible = 0;
			defaultConfigurationName = Release;
		};
		DF55222C2B24BD330052C668 /* Build configuration list for PBXNativeTarget "WarsawTransportTests" */ = {
			isa = XCConfigurationList;
			buildConfigurations = (
				DF55222D2B24BD330052C668 /* Debug */,
				DF55222E2B24BD330052C668 /* Release */,
			);
			defaultConfigurationIsVisible = 0;
			defaultConfigurationName = Release;
		};
		DF55222F2B24BD330052C668 /* Build configuration list for PBXNativeTarget "WarsawTransportUITests" */ = {
			isa = XCConfigurationList;
			buildConfigurations = (
				DF5522302B24BD330052C668 /* Debug */,
				DF5522312B24BD330052C668 /* Release */,
			);
			defaultConfigurationIsVisible = 0;
			defaultConfigurationName = Release;
		};
/* End XCConfigurationList section */
	};
	rootObject = DF5521FD2B24BD310052C668 /* Project object */;
}
